
Microsoft Visual Studio Solution File, Format Version 12.00
# Visual Studio 15
VisualStudioVersion = 15.0.25807.0
MinimumVisualStudioVersion = 10.0.40219.1
Project("{2150E333-8FDC-42A3-9474-1A3956D46DE8}") = "Engine", "Engine", "{5243C4A3-4010-47D7-AE95-C91D6E16EB4D}"
EndProject
Project("{2150E333-8FDC-42A3-9474-1A3956D46DE8}") = "Games", "Games", "{A26F3374-EDBB-4C72-91AF-DDC92C6B653D}"
EndProject
Project("{8BC9CEB8-8B4A-11D0-8D11-00A0C91BC942}") = "Lab", "Intermediate\ProjectFiles\Lab.vcxproj", "{4D9D0AD7-2DD9-4FF6-BBAC-653743797746}"
EndProject
Project("{8BC9CEB8-8B4A-11D0-8D11-00A0C91BC942}") = "UE4", "Intermediate\ProjectFiles\UE4.vcxproj", "{6CB81D53-4C9F-4B52-AA3F-999EE6AA17FA}"
EndProject
Project("{2150E333-8FDC-42A3-9474-1A3956D46DE8}") = "Visualizers", "Visualizers", "{6B7843FF-748A-4C20-8D3C-98B25565342C}"
	ProjectSection(SolutionItems) = preProject
		..\UE_4.24\Engine\Extras\VisualStudioDebugging\UE4.natvis = ..\UE_4.24\Engine\Extras\VisualStudioDebugging\UE4.natvis
	EndProjectSection
EndProject
Global
	GlobalSection(SolutionConfigurationPlatforms) = preSolution
		DebugGame Editor|IOS = DebugGame Editor|IOS
		DebugGame Editor|Win32 = DebugGame Editor|Win32
		DebugGame Editor|Win64 = DebugGame Editor|Win64
		DebugGame|IOS = DebugGame|IOS
		DebugGame|Win32 = DebugGame|Win32
		DebugGame|Win64 = DebugGame|Win64
		Development Editor|IOS = Development Editor|IOS
		Development Editor|Win32 = Development Editor|Win32
		Development Editor|Win64 = Development Editor|Win64
		Development|IOS = Development|IOS
		Development|Win32 = Development|Win32
		Development|Win64 = Development|Win64
		Shipping|IOS = Shipping|IOS
		Shipping|Win32 = Shipping|Win32
		Shipping|Win64 = Shipping|Win64
	EndGlobalSection
	GlobalSection(ProjectConfigurationPlatforms) = postSolution
		{4D9D0AD7-2DD9-4FF6-BBAC-653743797746}.DebugGame Editor|IOS.ActiveCfg = Invalid|Win32
		{4D9D0AD7-2DD9-4FF6-BBAC-653743797746}.DebugGame Editor|Win32.ActiveCfg = Invalid|Win32
		{4D9D0AD7-2DD9-4FF6-BBAC-653743797746}.DebugGame Editor|Win64.ActiveCfg = DebugGame_Editor|x64
		{4D9D0AD7-2DD9-4FF6-BBAC-653743797746}.DebugGame Editor|Win64.Build.0 = DebugGame_Editor|x64
		{4D9D0AD7-2DD9-4FF6-BBAC-653743797746}.DebugGame|IOS.ActiveCfg = IOS_DebugGame|Win32
		{4D9D0AD7-2DD9-4FF6-BBAC-653743797746}.DebugGame|IOS.Build.0 = IOS_DebugGame|Win32
		{4D9D0AD7-2DD9-4FF6-BBAC-653743797746}.DebugGame|Win32.ActiveCfg = DebugGame|Win32
		{4D9D0AD7-2DD9-4FF6-BBAC-653743797746}.DebugGame|Win32.Build.0 = DebugGame|Win32
		{4D9D0AD7-2DD9-4FF6-BBAC-653743797746}.DebugGame|Win64.ActiveCfg = DebugGame|x64
		{4D9D0AD7-2DD9-4FF6-BBAC-653743797746}.DebugGame|Win64.Build.0 = DebugGame|x64
		{4D9D0AD7-2DD9-4FF6-BBAC-653743797746}.Development Editor|IOS.ActiveCfg = Invalid|Win32
		{4D9D0AD7-2DD9-4FF6-BBAC-653743797746}.Development Editor|Win32.ActiveCfg = Invalid|Win32
		{4D9D0AD7-2DD9-4FF6-BBAC-653743797746}.Development Editor|Win64.ActiveCfg = Development_Editor|x64
		{4D9D0AD7-2DD9-4FF6-BBAC-653743797746}.Development Editor|Win64.Build.0 = Development_Editor|x64
		{4D9D0AD7-2DD9-4FF6-BBAC-653743797746}.Development|IOS.ActiveCfg = IOS_Development|Win32
		{4D9D0AD7-2DD9-4FF6-BBAC-653743797746}.Development|IOS.Build.0 = IOS_Development|Win32
		{4D9D0AD7-2DD9-4FF6-BBAC-653743797746}.Development|Win32.ActiveCfg = Development|Win32
		{4D9D0AD7-2DD9-4FF6-BBAC-653743797746}.Development|Win32.Build.0 = Development|Win32
		{4D9D0AD7-2DD9-4FF6-BBAC-653743797746}.Development|Win64.ActiveCfg = Development|x64
		{4D9D0AD7-2DD9-4FF6-BBAC-653743797746}.Development|Win64.Build.0 = Development|x64
		{4D9D0AD7-2DD9-4FF6-BBAC-653743797746}.Shipping|IOS.ActiveCfg = IOS_Shipping|Win32
		{4D9D0AD7-2DD9-4FF6-BBAC-653743797746}.Shipping|IOS.Build.0 = IOS_Shipping|Win32
		{4D9D0AD7-2DD9-4FF6-BBAC-653743797746}.Shipping|Win32.ActiveCfg = Shipping|Win32
		{4D9D0AD7-2DD9-4FF6-BBAC-653743797746}.Shipping|Win32.Build.0 = Shipping|Win32
		{4D9D0AD7-2DD9-4FF6-BBAC-653743797746}.Shipping|Win64.ActiveCfg = Shipping|x64
		{4D9D0AD7-2DD9-4FF6-BBAC-653743797746}.Shipping|Win64.Build.0 = Shipping|x64
		{6CB81D53-4C9F-4B52-AA3F-999EE6AA17FA}.DebugGame Editor|IOS.ActiveCfg = BuiltWithUnrealBuildTool|Win32
		{6CB81D53-4C9F-4B52-AA3F-999EE6AA17FA}.DebugGame Editor|Win32.ActiveCfg = BuiltWithUnrealBuildTool|Win32
		{6CB81D53-4C9F-4B52-AA3F-999EE6AA17FA}.DebugGame Editor|Win64.ActiveCfg = BuiltWithUnrealBuildTool|Win32
		{6CB81D53-4C9F-4B52-AA3F-999EE6AA17FA}.DebugGame|IOS.ActiveCfg = BuiltWithUnrealBuildTool|Win32
		{6CB81D53-4C9F-4B52-AA3F-999EE6AA17FA}.DebugGame|Win32.ActiveCfg = BuiltWithUnrealBuildTool|Win32
		{6CB81D53-4C9F-4B52-AA3F-999EE6AA17FA}.DebugGame|Win64.ActiveCfg = BuiltWithUnrealBuildTool|Win32
		{6CB81D53-4C9F-4B52-AA3F-999EE6AA17FA}.Development Editor|IOS.ActiveCfg = BuiltWithUnrealBuildTool|Win32
		{6CB81D53-4C9F-4B52-AA3F-999EE6AA17FA}.Development Editor|Win32.ActiveCfg = BuiltWithUnrealBuildTool|Win32
		{6CB81D53-4C9F-4B52-AA3F-999EE6AA17FA}.Development Editor|Win64.ActiveCfg = BuiltWithUnrealBuildTool|Win32
		{6CB81D53-4C9F-4B52-AA3F-999EE6AA17FA}.Development|IOS.ActiveCfg = BuiltWithUnrealBuildTool|Win32
		{6CB81D53-4C9F-4B52-AA3F-999EE6AA17FA}.Development|Win32.ActiveCfg = BuiltWithUnrealBuildTool|Win32
		{6CB81D53-4C9F-4B52-AA3F-999EE6AA17FA}.Development|Win64.ActiveCfg = BuiltWithUnrealBuildTool|Win32
		{6CB81D53-4C9F-4B52-AA3F-999EE6AA17FA}.Shipping|IOS.ActiveCfg = BuiltWithUnrealBuildTool|Win32
		{6CB81D53-4C9F-4B52-AA3F-999EE6AA17FA}.Shipping|Win32.ActiveCfg = BuiltWithUnrealBuildTool|Win32
		{6CB81D53-4C9F-4B52-AA3F-999EE6AA17FA}.Shipping|Win64.ActiveCfg = BuiltWithUnrealBuildTool|Win32
	EndGlobalSection
	GlobalSection(SolutionProperties) = preSolution
		HideSolutionNode = FALSE
	EndGlobalSection
	GlobalSection(NestedProjects) = preSolution
		{6CB81D53-4C9F-4B52-AA3F-999EE6AA17FA} = {5243C4A3-4010-47D7-AE95-C91D6E16EB4D}
		{4D9D0AD7-2DD9-4FF6-BBAC-653743797746} = {A26F3374-EDBB-4C72-91AF-DDC92C6B653D}
	EndGlobalSection
EndGlobal
